// !$*UTF8*$!
{
	archiveVersion = 1;
	classes = {
	};
	objectVersion = 56;
	objects = {

/* Begin PBXBuildFile section */
		E87099902AE161F9005DA283 /* AppDelegate.swift in Sources */ = {isa = PBXBuildFile; fileRef = E870998F2AE161F9005DA283 /* AppDelegate.swift */; };
		E87099922AE161F9005DA283 /* SceneDelegate.swift in Sources */ = {isa = PBXBuildFile; fileRef = E87099912AE161F9005DA283 /* SceneDelegate.swift */; };
		E87099942AE161F9005DA283 /* ViewController.swift in Sources */ = {isa = PBXBuildFile; fileRef = E87099932AE161F9005DA283 /* ViewController.swift */; };
		E87099972AE161F9005DA283 /* Main.storyboard in Resources */ = {isa = PBXBuildFile; fileRef = E87099952AE161F9005DA283 /* Main.storyboard */; };
		E87099992AE161FB005DA283 /* Assets.xcassets in Resources */ = {isa = PBXBuildFile; fileRef = E87099982AE161FB005DA283 /* Assets.xcassets */; };
		E87099A62AE482D3005DA283 /* Jujutsu Kaisen.ttf in Resources */ = {isa = PBXBuildFile; fileRef = E87099A52AE482D3005DA283 /* Jujutsu Kaisen.ttf */; };
		E87099AF2AE48C1A005DA283 /* LaunchScreen.storyboard in Resources */ = {isa = PBXBuildFile; fileRef = E87099AC2AE48AC4005DA283 /* LaunchScreen.storyboard */; };
		E8F915CF2AF3C5E6002DAFFD /* XOModel.swift in Sources */ = {isa = PBXBuildFile; fileRef = E8F915CE2AF3C5E6002DAFFD /* XOModel.swift */; };
		E8F915D12AF3C664002DAFFD /* TicTacController.swift in Sources */ = {isa = PBXBuildFile; fileRef = E8F915D02AF3C664002DAFFD /* TicTacController.swift */; };
		E8F915D32AF3D831002DAFFD /* StartViewController.swift in Sources */ = {isa = PBXBuildFile; fileRef = E8F915D22AF3D831002DAFFD /* StartViewController.swift */; };
		E8F915D52AF3DD08002DAFFD /* OtherViewController.swift in Sources */ = {isa = PBXBuildFile; fileRef = E8F915D42AF3DD08002DAFFD /* OtherViewController.swift */; };
		E8F915D72AF3E27D002DAFFD /* ChoiceViewController.swift in Sources */ = {isa = PBXBuildFile; fileRef = E8F915D62AF3E27D002DAFFD /* ChoiceViewController.swift */; };
		E8F915DD2AFD1242002DAFFD /* LoginViewController.swift in Sources */ = {isa = PBXBuildFile; fileRef = E8F915DC2AFD1242002DAFFD /* LoginViewController.swift */; };
		E8F915DF2AFD1257002DAFFD /* RatingViewController.swift in Sources */ = {isa = PBXBuildFile; fileRef = E8F915DE2AFD1257002DAFFD /* RatingViewController.swift */; };
		E8F915E12AFD150D002DAFFD /* PlayerModel.swift in Sources */ = {isa = PBXBuildFile; fileRef = E8F915E02AFD150D002DAFFD /* PlayerModel.swift */; };
		E8F915E32AFD161B002DAFFD /* PlayerViewCell.swift in Sources */ = {isa = PBXBuildFile; fileRef = E8F915E22AFD161B002DAFFD /* PlayerViewCell.swift */; };
		E8F915E52AFF613D002DAFFD /* Database.swift in Sources */ = {isa = PBXBuildFile; fileRef = E8F915E42AFF613D002DAFFD /* Database.swift */; };
		E8F915E72AFF6C7B002DAFFD /* ThemeCollectionViewCell.swift in Sources */ = {isa = PBXBuildFile; fileRef = E8F915E62AFF6C7B002DAFFD /* ThemeCollectionViewCell.swift */; };
		E8F915E92AFF6E24002DAFFD /* ThemeModel.swift in Sources */ = {isa = PBXBuildFile; fileRef = E8F915E82AFF6E24002DAFFD /* ThemeModel.swift */; };
/* End PBXBuildFile section */

/* Begin PBXFileReference section */
		E870998C2AE161F9005DA283 /* TicTacSukuna.app */ = {isa = PBXFileReference; explicitFileType = wrapper.application; includeInIndex = 0; path = TicTacSukuna.app; sourceTree = BUILT_PRODUCTS_DIR; };
		E870998F2AE161F9005DA283 /* AppDelegate.swift */ = {isa = PBXFileReference; lastKnownFileType = sourcecode.swift; path = AppDelegate.swift; sourceTree = "<group>"; };
		E87099912AE161F9005DA283 /* SceneDelegate.swift */ = {isa = PBXFileReference; lastKnownFileType = sourcecode.swift; path = SceneDelegate.swift; sourceTree = "<group>"; };
		E87099932AE161F9005DA283 /* ViewController.swift */ = {isa = PBXFileReference; lastKnownFileType = sourcecode.swift; path = ViewController.swift; sourceTree = "<group>"; };
		E87099962AE161F9005DA283 /* Base */ = {isa = PBXFileReference; lastKnownFileType = file.storyboard; name = Base; path = Base.lproj/Main.storyboard; sourceTree = "<group>"; };
		E87099982AE161FB005DA283 /* Assets.xcassets */ = {isa = PBXFileReference; lastKnownFileType = folder.assetcatalog; path = Assets.xcassets; sourceTree = "<group>"; };
		E870999D2AE161FB005DA283 /* Info.plist */ = {isa = PBXFileReference; lastKnownFileType = text.plist.xml; path = Info.plist; sourceTree = "<group>"; };
		E87099A32AE4800D005DA283 /* Jujutsu-Font.ttf */ = {isa = PBXFileReference; lastKnownFileType = file; path = "Jujutsu-Font.ttf"; sourceTree = "<group>"; };
		E87099A52AE482D3005DA283 /* Jujutsu Kaisen.ttf */ = {isa = PBXFileReference; lastKnownFileType = file; path = "Jujutsu Kaisen.ttf"; sourceTree = "<group>"; };
		E87099AC2AE48AC4005DA283 /* LaunchScreen.storyboard */ = {isa = PBXFileReference; lastKnownFileType = file.storyboard; path = LaunchScreen.storyboard; sourceTree = "<group>"; };
		E8F915CE2AF3C5E6002DAFFD /* XOModel.swift */ = {isa = PBXFileReference; lastKnownFileType = sourcecode.swift; path = XOModel.swift; sourceTree = "<group>"; };
		E8F915D02AF3C664002DAFFD /* TicTacController.swift */ = {isa = PBXFileReference; lastKnownFileType = sourcecode.swift; path = TicTacController.swift; sourceTree = "<group>"; };
		E8F915D22AF3D831002DAFFD /* StartViewController.swift */ = {isa = PBXFileReference; lastKnownFileType = sourcecode.swift; path = StartViewController.swift; sourceTree = "<group>"; };
		E8F915D42AF3DD08002DAFFD /* OtherViewController.swift */ = {isa = PBXFileReference; lastKnownFileType = sourcecode.swift; path = OtherViewController.swift; sourceTree = "<group>"; };
		E8F915D62AF3E27D002DAFFD /* ChoiceViewController.swift */ = {isa = PBXFileReference; lastKnownFileType = sourcecode.swift; path = ChoiceViewController.swift; sourceTree = "<group>"; };
		E8F915DC2AFD1242002DAFFD /* LoginViewController.swift */ = {isa = PBXFileReference; lastKnownFileType = sourcecode.swift; path = LoginViewController.swift; sourceTree = "<group>"; };
		E8F915DE2AFD1257002DAFFD /* RatingViewController.swift */ = {isa = PBXFileReference; lastKnownFileType = sourcecode.swift; path = RatingViewController.swift; sourceTree = "<group>"; };
		E8F915E02AFD150D002DAFFD /* PlayerModel.swift */ = {isa = PBXFileReference; lastKnownFileType = sourcecode.swift; path = PlayerModel.swift; sourceTree = "<group>"; };
		E8F915E22AFD161B002DAFFD /* PlayerViewCell.swift */ = {isa = PBXFileReference; lastKnownFileType = sourcecode.swift; path = PlayerViewCell.swift; sourceTree = "<group>"; };
		E8F915E42AFF613D002DAFFD /* Database.swift */ = {isa = PBXFileReference; lastKnownFileType = sourcecode.swift; path = Database.swift; sourceTree = "<group>"; };
		E8F915E62AFF6C7B002DAFFD /* ThemeCollectionViewCell.swift */ = {isa = PBXFileReference; lastKnownFileType = sourcecode.swift; path = ThemeCollectionViewCell.swift; sourceTree = "<group>"; };
		E8F915E82AFF6E24002DAFFD /* ThemeModel.swift */ = {isa = PBXFileReference; lastKnownFileType = sourcecode.swift; path = ThemeModel.swift; sourceTree = "<group>"; };
/* End PBXFileReference section */

/* Begin PBXFrameworksBuildPhase section */
		E87099892AE161F9005DA283 /* Frameworks */ = {
			isa = PBXFrameworksBuildPhase;
			buildActionMask = 2147483647;
			files = (
			);
			runOnlyForDeploymentPostprocessing = 0;
		};
/* End PBXFrameworksBuildPhase section */

/* Begin PBXGroup section */
		E87099832AE161F9005DA283 = {
			isa = PBXGroup;
			children = (
				E870998E2AE161F9005DA283 /* TicTacToe2 */,
				E870998D2AE161F9005DA283 /* Products */,
			);
			sourceTree = "<group>";
		};
		E870998D2AE161F9005DA283 /* Products */ = {
			isa = PBXGroup;
			children = (
				E870998C2AE161F9005DA283 /* TicTacSukuna.app */,
			);
			name = Products;
			sourceTree = "<group>";
		};
		E870998E2AE161F9005DA283 /* TicTacToe2 */ = {
			isa = PBXGroup;
			children = (
				E8F915DB2AF626B5002DAFFD /* Fonts */,
				E8F915DA2AF3E3EC002DAFFD /* Models */,
				E8F915D92AF3E3DC002DAFFD /* Controllers */,
				E8F915D82AF3E3BC002DAFFD /* ViewControllers */,
				E870998F2AE161F9005DA283 /* AppDelegate.swift */,
				E87099912AE161F9005DA283 /* SceneDelegate.swift */,
				E87099952AE161F9005DA283 /* Main.storyboard */,
				E87099982AE161FB005DA283 /* Assets.xcassets */,
				E87099A52AE482D3005DA283 /* Jujutsu Kaisen.ttf */,
				E870999D2AE161FB005DA283 /* Info.plist */,
				E87099A32AE4800D005DA283 /* Jujutsu-Font.ttf */,
				E87099AC2AE48AC4005DA283 /* LaunchScreen.storyboard */,
			);
			path = TicTacToe2;
			sourceTree = "<group>";
		};
		E8F915D82AF3E3BC002DAFFD /* ViewControllers */ = {
			isa = PBXGroup;
			children = (
				E8F915D62AF3E27D002DAFFD /* ChoiceViewController.swift */,
				E8F915D22AF3D831002DAFFD /* StartViewController.swift */,
				E8F915D42AF3DD08002DAFFD /* OtherViewController.swift */,
				E87099932AE161F9005DA283 /* ViewController.swift */,
				E8F915DC2AFD1242002DAFFD /* LoginViewController.swift */,
				E8F915DE2AFD1257002DAFFD /* RatingViewController.swift */,
				E8F915E22AFD161B002DAFFD /* PlayerViewCell.swift */,
				E8F915E62AFF6C7B002DAFFD /* ThemeCollectionViewCell.swift */,
			);
			path = ViewControllers;
			sourceTree = "<group>";
		};
		E8F915D92AF3E3DC002DAFFD /* Controllers */ = {
			isa = PBXGroup;
			children = (
				E8F915D02AF3C664002DAFFD /* TicTacController.swift */,
			);
			path = Controllers;
			sourceTree = "<group>";
		};
		E8F915DA2AF3E3EC002DAFFD /* Models */ = {
			isa = PBXGroup;
			children = (
				E8F915CE2AF3C5E6002DAFFD /* XOModel.swift */,
				E8F915E02AFD150D002DAFFD /* PlayerModel.swift */,
				E8F915E42AFF613D002DAFFD /* Database.swift */,
				E8F915E82AFF6E24002DAFFD /* ThemeModel.swift */,
			);
			path = Models;
			sourceTree = "<group>";
		};
		E8F915DB2AF626B5002DAFFD /* Fonts */ = {
			isa = PBXGroup;
			children = (
			);
			path = Fonts;
			sourceTree = "<group>";
		};
/* End PBXGroup section */

/* Begin PBXNativeTarget section */
		E870998B2AE161F9005DA283 /* TicTacSukuna */ = {
			isa = PBXNativeTarget;
			buildConfigurationList = E87099A02AE161FB005DA283 /* Build configuration list for PBXNativeTarget "TicTacSukuna" */;
			buildPhases = (
				E87099882AE161F9005DA283 /* Sources */,
				E87099892AE161F9005DA283 /* Frameworks */,
				E870998A2AE161F9005DA283 /* Resources */,
			);
			buildRules = (
			);
			dependencies = (
			);
			name = TicTacSukuna;
			productName = TicTacToe2;
			productReference = E870998C2AE161F9005DA283 /* TicTacSukuna.app */;
			productType = "com.apple.product-type.application";
		};
/* End PBXNativeTarget section */

/* Begin PBXProject section */
		E87099842AE161F9005DA283 /* Project object */ = {
			isa = PBXProject;
			attributes = {
				BuildIndependentTargetsInParallel = 1;
				LastSwiftUpdateCheck = 1500;
				LastUpgradeCheck = 1500;
				TargetAttributes = {
					E870998B2AE161F9005DA283 = {
						CreatedOnToolsVersion = 15.0;
					};
				};
			};
			buildConfigurationList = E87099872AE161F9005DA283 /* Build configuration list for PBXProject "TicTacSukuna" */;
			compatibilityVersion = "Xcode 14.0";
			developmentRegion = en;
			hasScannedForEncodings = 0;
			knownRegions = (
				en,
				Base,
			);
			mainGroup = E87099832AE161F9005DA283;
			productRefGroup = E870998D2AE161F9005DA283 /* Products */;
			projectDirPath = "";
			projectRoot = "";
			targets = (
				E870998B2AE161F9005DA283 /* TicTacSukuna */,
			);
		};
/* End PBXProject section */

/* Begin PBXResourcesBuildPhase section */
		E870998A2AE161F9005DA283 /* Resources */ = {
			isa = PBXResourcesBuildPhase;
			buildActionMask = 2147483647;
			files = (
				E87099A62AE482D3005DA283 /* Jujutsu Kaisen.ttf in Resources */,
				E87099AF2AE48C1A005DA283 /* LaunchScreen.storyboard in Resources */,
				E87099992AE161FB005DA283 /* Assets.xcassets in Resources */,
				E87099972AE161F9005DA283 /* Main.storyboard in Resources */,
			);
			runOnlyForDeploymentPostprocessing = 0;
		};
/* End PBXResourcesBuildPhase section */

/* Begin PBXSourcesBuildPhase section */
		E87099882AE161F9005DA283 /* Sources */ = {
			isa = PBXSourcesBuildPhase;
			buildActionMask = 2147483647;
			files = (
				E8F915DD2AFD1242002DAFFD /* LoginViewController.swift in Sources */,
				E8F915E12AFD150D002DAFFD /* PlayerModel.swift in Sources */,
				E8F915DF2AFD1257002DAFFD /* RatingViewController.swift in Sources */,
				E8F915CF2AF3C5E6002DAFFD /* XOModel.swift in Sources */,
				E87099942AE161F9005DA283 /* ViewController.swift in Sources */,
				E8F915D52AF3DD08002DAFFD /* OtherViewController.swift in Sources */,
				E87099902AE161F9005DA283 /* AppDelegate.swift in Sources */,
				E8F915E32AFD161B002DAFFD /* PlayerViewCell.swift in Sources */,
				E87099922AE161F9005DA283 /* SceneDelegate.swift in Sources */,
				E8F915D12AF3C664002DAFFD /* TicTacController.swift in Sources */,
				E8F915D32AF3D831002DAFFD /* StartViewController.swift in Sources */,
				E8F915E52AFF613D002DAFFD /* Database.swift in Sources */,
				E8F915E92AFF6E24002DAFFD /* ThemeModel.swift in Sources */,
				E8F915E72AFF6C7B002DAFFD /* ThemeCollectionViewCell.swift in Sources */,
				E8F915D72AF3E27D002DAFFD /* ChoiceViewController.swift in Sources */,
			);
			runOnlyForDeploymentPostprocessing = 0;
		};
/* End PBXSourcesBuildPhase section */

/* Begin PBXVariantGroup section */
		E87099952AE161F9005DA283 /* Main.storyboard */ = {
			isa = PBXVariantGroup;
			children = (
				E87099962AE161F9005DA283 /* Base */,
			);
			name = Main.storyboard;
			sourceTree = "<group>";
		};
/* End PBXVariantGroup section */

/* Begin XCBuildConfiguration section */
		E870999E2AE161FB005DA283 /* Debug */ = {
			isa = XCBuildConfiguration;
			buildSettings = {
				ALWAYS_SEARCH_USER_PATHS = NO;
				ASSETCATALOG_COMPILER_GENERATE_SWIFT_ASSET_SYMBOL_EXTENSIONS = YES;
				CLANG_ANALYZER_NONNULL = YES;
				CLANG_ANALYZER_NUMBER_OBJECT_CONVERSION = YES_AGGRESSIVE;
				CLANG_CXX_LANGUAGE_STANDARD = "gnu++20";
				CLANG_ENABLE_MODULES = YES;
				CLANG_ENABLE_OBJC_ARC = YES;
				CLANG_ENABLE_OBJC_WEAK = YES;
				CLANG_WARN_BLOCK_CAPTURE_AUTORELEASING = YES;
				CLANG_WARN_BOOL_CONVERSION = YES;
				CLANG_WARN_COMMA = YES;
				CLANG_WARN_CONSTANT_CONVERSION = YES;
				CLANG_WARN_DEPRECATED_OBJC_IMPLEMENTATIONS = YES;
				CLANG_WARN_DIRECT_OBJC_ISA_USAGE = YES_ERROR;
				CLANG_WARN_DOCUMENTATION_COMMENTS = YES;
				CLANG_WARN_EMPTY_BODY = YES;
				CLANG_WARN_ENUM_CONVERSION = YES;
				CLANG_WARN_INFINITE_RECURSION = YES;
				CLANG_WARN_INT_CONVERSION = YES;
				CLANG_WARN_NON_LITERAL_NULL_CONVERSION = YES;
				CLANG_WARN_OBJC_IMPLICIT_RETAIN_SELF = YES;
				CLANG_WARN_OBJC_LITERAL_CONVERSION = YES;
				CLANG_WARN_OBJC_ROOT_CLASS = YES_ERROR;
				CLANG_WARN_QUOTED_INCLUDE_IN_FRAMEWORK_HEADER = YES;
				CLANG_WARN_RANGE_LOOP_ANALYSIS = YES;
				CLANG_WARN_STRICT_PROTOTYPES = YES;
				CLANG_WARN_SUSPICIOUS_MOVE = YES;
				CLANG_WARN_UNGUARDED_AVAILABILITY = YES_AGGRESSIVE;
				CLANG_WARN_UNREACHABLE_CODE = YES;
				CLANG_WARN__DUPLICATE_METHOD_MATCH = YES;
				COPY_PHASE_STRIP = NO;
				DEBUG_INFORMATION_FORMAT = dwarf;
				ENABLE_STRICT_OBJC_MSGSEND = YES;
				ENABLE_TESTABILITY = YES;
				ENABLE_USER_SCRIPT_SANDBOXING = YES;
				GCC_C_LANGUAGE_STANDARD = gnu17;
				GCC_DYNAMIC_NO_PIC = NO;
				GCC_NO_COMMON_BLOCKS = YES;
				GCC_OPTIMIZATION_LEVEL = 0;
				GCC_PREPROCESSOR_DEFINITIONS = (
					"DEBUG=1",
					"$(inherited)",
				);
				GCC_WARN_64_TO_32_BIT_CONVERSION = YES;
				GCC_WARN_ABOUT_RETURN_TYPE = YES_ERROR;
				GCC_WARN_UNDECLARED_SELECTOR = YES;
				GCC_WARN_UNINITIALIZED_AUTOS = YES_AGGRESSIVE;
				GCC_WARN_UNUSED_FUNCTION = YES;
				GCC_WARN_UNUSED_VARIABLE = YES;
				IPHONEOS_DEPLOYMENT_TARGET = 17.0;
				LOCALIZATION_PREFERS_STRING_CATALOGS = YES;
				MTL_ENABLE_DEBUG_INFO = INCLUDE_SOURCE;
				MTL_FAST_MATH = YES;
				ONLY_ACTIVE_ARCH = YES;
				SDKROOT = iphoneos;
				SWIFT_ACTIVE_COMPILATION_CONDITIONS = "DEBUG $(inherited)";
				SWIFT_OPTIMIZATION_LEVEL = "-Onone";
			};
			name = Debug;
		};
		E870999F2AE161FB005DA283 /* Release */ = {
			isa = XCBuildConfiguration;
			buildSettings = {
				ALWAYS_SEARCH_USER_PATHS = NO;
				ASSETCATALOG_COMPILER_GENERATE_SWIFT_ASSET_SYMBOL_EXTENSIONS = YES;
				CLANG_ANALYZER_NONNULL = YES;
				CLANG_ANALYZER_NUMBER_OBJECT_CONVERSION = YES_AGGRESSIVE;
				CLANG_CXX_LANGUAGE_STANDARD = "gnu++20";
				CLANG_ENABLE_MODULES = YES;
				CLANG_ENABLE_OBJC_ARC = YES;
				CLANG_ENABLE_OBJC_WEAK = YES;
				CLANG_WARN_BLOCK_CAPTURE_AUTORELEASING = YES;
				CLANG_WARN_BOOL_CONVERSION = YES;
				CLANG_WARN_COMMA = YES;
				CLANG_WARN_CONSTANT_CONVERSION = YES;
				CLANG_WARN_DEPRECATED_OBJC_IMPLEMENTATIONS = YES;
				CLANG_WARN_DIRECT_OBJC_ISA_USAGE = YES_ERROR;
				CLANG_WARN_DOCUMENTATION_COMMENTS = YES;
				CLANG_WARN_EMPTY_BODY = YES;
				CLANG_WARN_ENUM_CONVERSION = YES;
				CLANG_WARN_INFINITE_RECURSION = YES;
				CLANG_WARN_INT_CONVERSION = YES;
				CLANG_WARN_NON_LITERAL_NULL_CONVERSION = YES;
				CLANG_WARN_OBJC_IMPLICIT_RETAIN_SELF = YES;
				CLANG_WARN_OBJC_LITERAL_CONVERSION = YES;
				CLANG_WARN_OBJC_ROOT_CLASS = YES_ERROR;
				CLANG_WARN_QUOTED_INCLUDE_IN_FRAMEWORK_HEADER = YES;
				CLANG_WARN_RANGE_LOOP_ANALYSIS = YES;
				CLANG_WARN_STRICT_PROTOTYPES = YES;
				CLANG_WARN_SUSPICIOUS_MOVE = YES;
				CLANG_WARN_UNGUARDED_AVAILABILITY = YES_AGGRESSIVE;
				CLANG_WARN_UNREACHABLE_CODE = YES;
				CLANG_WARN__DUPLICATE_METHOD_MATCH = YES;
				COPY_PHASE_STRIP = NO;
				DEBUG_INFORMATION_FORMAT = "dwarf-with-dsym";
				ENABLE_NS_ASSERTIONS = NO;
				ENABLE_STRICT_OBJC_MSGSEND = YES;
				ENABLE_USER_SCRIPT_SANDBOXING = YES;
				GCC_C_LANGUAGE_STANDARD = gnu17;
				GCC_NO_COMMON_BLOCKS = YES;
				GCC_WARN_64_TO_32_BIT_CONVERSION = YES;
				GCC_WARN_ABOUT_RETURN_TYPE = YES_ERROR;
				GCC_WARN_UNDECLARED_SELECTOR = YES;
				GCC_WARN_UNINITIALIZED_AUTOS = YES_AGGRESSIVE;
				GCC_WARN_UNUSED_FUNCTION = YES;
				GCC_WARN_UNUSED_VARIABLE = YES;
				IPHONEOS_DEPLOYMENT_TARGET = 17.0;
				LOCALIZATION_PREFERS_STRING_CATALOGS = YES;
				MTL_ENABLE_DEBUG_INFO = NO;
				MTL_FAST_MATH = YES;
				SDKROOT = iphoneos;
				SWIFT_COMPILATION_MODE = wholemodule;
				VALIDATE_PRODUCT = YES;
			};
			name = Release;
		};
		E87099A12AE161FB005DA283 /* Debug */ = {
			isa = XCBuildConfiguration;
			buildSettings = {
				ASSETCATALOG_COMPILER_APPICON_NAME = AppIcon;
				ASSETCATALOG_COMPILER_GLOBAL_ACCENT_COLOR_NAME = AccentColor;
				CODE_SIGN_STYLE = Automatic;
				CURRENT_PROJECT_VERSION = 1;
				DEVELOPMENT_TEAM = Q4WQM3AZUM;
				GENERATE_INFOPLIST_FILE = YES;
				INFOPLIST_FILE = TicTacToe2/Info.plist;
				INFOPLIST_KEY_UIApplicationSupportsIndirectInputEvents = YES;
				INFOPLIST_KEY_UILaunchStoryboardName = LaunchScreen.storyboard;
				INFOPLIST_KEY_UIMainStoryboardFile = Main;
				INFOPLIST_KEY_UISupportedInterfaceOrientations_iPad = "UIInterfaceOrientationPortrait UIInterfaceOrientationPortraitUpsideDown UIInterfaceOrientationLandscapeLeft UIInterfaceOrientationLandscapeRight";
				INFOPLIST_KEY_UISupportedInterfaceOrientations_iPhone = "UIInterfaceOrientationPortrait UIInterfaceOrientationLandscapeLeft UIInterfaceOrientationLandscapeRight";
				LD_RUNPATH_SEARCH_PATHS = (
					"$(inherited)",
					"@executable_path/Frameworks",
				);
				MARKETING_VERSION = 1.0;
				PRODUCT_BUNDLE_IDENTIFIER = dias.TicTacToe2;
				PRODUCT_NAME = "$(TARGET_NAME)";
				SWIFT_EMIT_LOC_STRINGS = YES;
				SWIFT_VERSION = 5.0;
				TARGETED_DEVICE_FAMILY = "1,2";
			};
			name = Debug;
		};
		E87099A22AE161FB005DA283 /* Release */ = {
			isa = XCBuildConfiguration;
			buildSettings = {
				ASSETCATALOG_COMPILER_APPICON_NAME = AppIcon;
				ASSETCATALOG_COMPILER_GLOBAL_ACCENT_COLOR_NAME = AccentColor;
				CODE_SIGN_STYLE = Automatic;
				CURRENT_PROJECT_VERSION = 1;
				DEVELOPMENT_TEAM = Q4WQM3AZUM;
				GENERATE_INFOPLIST_FILE = YES;
				INFOPLIST_FILE = TicTacToe2/Info.plist;
				INFOPLIST_KEY_UIApplicationSupportsIndirectInputEvents = YES;
				INFOPLIST_KEY_UILaunchStoryboardName = LaunchScreen.storyboard;
				INFOPLIST_KEY_UIMainStoryboardFile = Main;
				INFOPLIST_KEY_UISupportedInterfaceOrientations_iPad = "UIInterfaceOrientationPortrait UIInterfaceOrientationPortraitUpsideDown UIInterfaceOrientationLandscapeLeft UIInterfaceOrientationLandscapeRight";
				INFOPLIST_KEY_UISupportedInterfaceOrientations_iPhone = "UIInterfaceOrientationPortrait UIInterfaceOrientationLandscapeLeft UIInterfaceOrientationLandscapeRight";
				LD_RUNPATH_SEARCH_PATHS = (
					"$(inherited)",
					"@executable_path/Frameworks",
				);
				MARKETING_VERSION = 1.0;
				PRODUCT_BUNDLE_IDENTIFIER = dias.TicTacToe2;
				PRODUCT_NAME = "$(TARGET_NAME)";
				SWIFT_EMIT_LOC_STRINGS = YES;
				SWIFT_VERSION = 5.0;
				TARGETED_DEVICE_FAMILY = "1,2";
			};
			name = Release;
		};
/* End XCBuildConfiguration section */

/* Begin XCConfigurationList section */
		E87099872AE161F9005DA283 /* Build configuration list for PBXProject "TicTacSukuna" */ = {
			isa = XCConfigurationList;
			buildConfigurations = (
				E870999E2AE161FB005DA283 /* Debug */,
				E870999F2AE161FB005DA283 /* Release */,
			);
			defaultConfigurationIsVisible = 0;
			defaultConfigurationName = Release;
		};
		E87099A02AE161FB005DA283 /* Build configuration list for PBXNativeTarget "TicTacSukuna" */ = {
			isa = XCConfigurationList;
			buildConfigurations = (
				E87099A12AE161FB005DA283 /* Debug */,
				E87099A22AE161FB005DA283 /* Release */,
			);
			defaultConfigurationIsVisible = 0;
			defaultConfigurationName = Release;
		};
/* End XCConfigurationList section */
	};
	rootObject = E87099842AE161F9005DA283 /* Project object */;
}
